
Microsoft Visual Studio Solution File, Format Version 12.00
# Visual Studio Version 17
VisualStudioVersion = 17.5.33424.131
MinimumVisualStudioVersion = 10.0.40219.1
Project("{FAE04EC0-301F-11D3-BF4B-00C04F79EFBC}") = "Inventory.Service", "Inventory.Service\Inventory.Service.csproj", "{5E783D8E-3ABA-40BC-B16C-30F0724FDE5B}"
EndProject
Project("{FAE04EC0-301F-11D3-BF4B-00C04F79EFBC}") = "User.Service", "User.Service\User.Service.csproj", "{B782017B-42F0-4692-8037-43409EAE4B9D}"
EndProject
Global
	GlobalSection(SolutionConfigurationPlatforms) = preSolution
		Debug|Any CPU = Debug|Any CPU
		Release|Any CPU = Release|Any CPU
	EndGlobalSection
	GlobalSection(ProjectConfigurationPlatforms) = postSolution
		{5E783D8E-3ABA-40BC-B16C-30F0724FDE5B}.Debug|Any CPU.ActiveCfg = Debug|Any CPU
		{5E783D8E-3ABA-40BC-B16C-30F0724FDE5B}.Debug|Any CPU.Build.0 = Debug|Any CPU
		{5E783D8E-3ABA-40BC-B16C-30F0724FDE5B}.Release|Any CPU.ActiveCfg = Release|Any CPU
		{5E783D8E-3ABA-40BC-B16C-30F0724FDE5B}.Release|Any CPU.Build.0 = Release|Any CPU
		{B782017B-42F0-4692-8037-43409EAE4B9D}.Debug|Any CPU.ActiveCfg = Debug|Any CPU
		{B782017B-42F0-4692-8037-43409EAE4B9D}.Debug|Any CPU.Build.0 = Debug|Any CPU
		{B782017B-42F0-4692-8037-43409EAE4B9D}.Release|Any CPU.ActiveCfg = Release|Any CPU
		{B782017B-42F0-4692-8037-43409EAE4B9D}.Release|Any CPU.Build.0 = Release|Any CPU
	EndGlobalSection
	GlobalSection(SolutionProperties) = preSolution
		HideSolutionNode = FALSE
	EndGlobalSection
	GlobalSection(ExtensibilityGlobals) = postSolution
		SolutionGuid = {5C1625B5-05AA-423C-9DD1-4AD6CC4FF916}
	EndGlobalSection
EndGlobal
